
Microsoft Visual Studio Solution File, Format Version 12.00
# Visual Studio Version 16
VisualStudioVersion = 16.0.32106.194
MinimumVisualStudioVersion = 10.0.40219.1
Project("{FAE04EC0-301F-11D3-BF4B-00C04F79EFBC}") = "WYsystem", "WYsystem\WYsystem.csproj", "{A705AAD5-18D0-4802-A0F2-6B6A824C4677}"
EndProject
Global
	GlobalSection(SolutionConfigurationPlatforms) = preSolution
		Debug|Any CPU = Debug|Any CPU
		Release|Any CPU = Release|Any CPU
	EndGlobalSection
	GlobalSection(ProjectConfigurationPlatforms) = postSolution
		{A705AAD5-18D0-4802-A0F2-6B6A824C4677}.Debug|Any CPU.ActiveCfg = Debug|Any CPU
		{A705AAD5-18D0-4802-A0F2-6B6A824C4677}.Debug|Any CPU.Build.0 = Debug|Any CPU
		{A705AAD5-18D0-4802-A0F2-6B6A824C4677}.Release|Any CPU.ActiveCfg = Release|Any CPU
		{A705AAD5-18D0-4802-A0F2-6B6A824C4677}.Release|Any CPU.Build.0 = Release|Any CPU
	EndGlobalSection
	GlobalSection(SolutionProperties) = preSolution
		HideSolutionNode = FALSE
	EndGlobalSection
	GlobalSection(ExtensibilityGlobals) = postSolution
		SolutionGuid = {DCD7CB26-EA27-4686-B6EC-7A0DE62CB7CA}
	EndGlobalSection
EndGlobal
